
Microsoft Visual Studio Solution File, Format Version 12.00
# Visual Studio 2012
Project("{FAE04EC0-301F-11D3-BF4B-00C04F79EFBC}") = "WebSocketServer", "WebSocketServer\WebSocketServer.csproj", "{5F99FC3D-6DC3-45A0-A435-369413643527}"
EndProject
Project("{FAE04EC0-301F-11D3-BF4B-00C04F79EFBC}") = "WebSocketClient", "WebSocketClient\WebSocketClient.csproj", "{A872733D-06B4-495F-BCF8-DB44812313A8}"
EndProject
Global
	GlobalSection(SolutionConfigurationPlatforms) = preSolution
		Debug|Any CPU = Debug|Any CPU
		Release|Any CPU = Release|Any CPU
	EndGlobalSection
	GlobalSection(ProjectConfigurationPlatforms) = postSolution
		{5F99FC3D-6DC3-45A0-A435-369413643527}.Debug|Any CPU.ActiveCfg = Debug|Any CPU
		{5F99FC3D-6DC3-45A0-A435-369413643527}.Debug|Any CPU.Build.0 = Debug|Any CPU
		{5F99FC3D-6DC3-45A0-A435-369413643527}.Release|Any CPU.ActiveCfg = Release|Any CPU
		{5F99FC3D-6DC3-45A0-A435-369413643527}.Release|Any CPU.Build.0 = Release|Any CPU
		{A872733D-06B4-495F-BCF8-DB44812313A8}.Debug|Any CPU.ActiveCfg = Debug|Any CPU
		{A872733D-06B4-495F-BCF8-DB44812313A8}.Debug|Any CPU.Build.0 = Debug|Any CPU
		{A872733D-06B4-495F-BCF8-DB44812313A8}.Release|Any CPU.ActiveCfg = Release|Any CPU
		{A872733D-06B4-495F-BCF8-DB44812313A8}.Release|Any CPU.Build.0 = Release|Any CPU
	EndGlobalSection
	GlobalSection(SolutionProperties) = preSolution
		HideSolutionNode = FALSE
	EndGlobalSection
EndGlobal
